
Microsoft Visual Studio Solution File, Format Version 12.00
# Visual Studio Version 17
VisualStudioVersion = 17.8.34408.163
MinimumVisualStudioVersion = 10.0.40219.1
Project("{9A19103F-16F7-4668-BE54-9A1E7A4F7556}") = "DDDNET8.UI", "DDDNET8\DDDNET8.UI.csproj", "{A025D00C-DF1A-43B9-92DD-9396F641C1EF}"
EndProject
Project("{9A19103F-16F7-4668-BE54-9A1E7A4F7556}") = "DDDNET8Test.Tests", "DDDNET8Test.Tests\DDDNET8Test.Tests.csproj", "{8229E4B2-FBE3-4F41-8A9E-EB8D3D96BDB9}"
EndProject
Project("{9A19103F-16F7-4668-BE54-9A1E7A4F7556}") = "DDDNET8.Domain", "DDDNET8.Domain\DDDNET8.Domain.csproj", "{51638EB9-C7E5-4317-A9FE-C0DE5376F9BF}"
EndProject
Project("{9A19103F-16F7-4668-BE54-9A1E7A4F7556}") = "DDDNET8.Infrastructure", "DDDNET8.Infrastructure\DDDNET8.Infrastructure.csproj", "{53F29381-F34B-4445-B625-505906FFEDA3}"
EndProject
Project("{FAE04EC0-301F-11D3-BF4B-00C04F79EFBC}") = "DDDNET8.WPF", "DDDNET8.WPF\DDDNET8.WPF.csproj", "{7EEC1184-2791-4D25-9742-1051412FCEC8}"
EndProject
Global
	GlobalSection(SolutionConfigurationPlatforms) = preSolution
		Debug|Any CPU = Debug|Any CPU
		Release|Any CPU = Release|Any CPU
	EndGlobalSection
	GlobalSection(ProjectConfigurationPlatforms) = postSolution
		{A025D00C-DF1A-43B9-92DD-9396F641C1EF}.Debug|Any CPU.ActiveCfg = Debug|Any CPU
		{A025D00C-DF1A-43B9-92DD-9396F641C1EF}.Debug|Any CPU.Build.0 = Debug|Any CPU
		{A025D00C-DF1A-43B9-92DD-9396F641C1EF}.Release|Any CPU.ActiveCfg = Release|Any CPU
		{A025D00C-DF1A-43B9-92DD-9396F641C1EF}.Release|Any CPU.Build.0 = Release|Any CPU
		{8229E4B2-FBE3-4F41-8A9E-EB8D3D96BDB9}.Debug|Any CPU.ActiveCfg = Debug|Any CPU
		{8229E4B2-FBE3-4F41-8A9E-EB8D3D96BDB9}.Debug|Any CPU.Build.0 = Debug|Any CPU
		{8229E4B2-FBE3-4F41-8A9E-EB8D3D96BDB9}.Release|Any CPU.ActiveCfg = Release|Any CPU
		{8229E4B2-FBE3-4F41-8A9E-EB8D3D96BDB9}.Release|Any CPU.Build.0 = Release|Any CPU
		{51638EB9-C7E5-4317-A9FE-C0DE5376F9BF}.Debug|Any CPU.ActiveCfg = Debug|Any CPU
		{51638EB9-C7E5-4317-A9FE-C0DE5376F9BF}.Debug|Any CPU.Build.0 = Debug|Any CPU
		{51638EB9-C7E5-4317-A9FE-C0DE5376F9BF}.Release|Any CPU.ActiveCfg = Release|Any CPU
		{51638EB9-C7E5-4317-A9FE-C0DE5376F9BF}.Release|Any CPU.Build.0 = Release|Any CPU
		{53F29381-F34B-4445-B625-505906FFEDA3}.Debug|Any CPU.ActiveCfg = Debug|Any CPU
		{53F29381-F34B-4445-B625-505906FFEDA3}.Debug|Any CPU.Build.0 = Debug|Any CPU
		{53F29381-F34B-4445-B625-505906FFEDA3}.Release|Any CPU.ActiveCfg = Release|Any CPU
		{53F29381-F34B-4445-B625-505906FFEDA3}.Release|Any CPU.Build.0 = Release|Any CPU
		{7EEC1184-2791-4D25-9742-1051412FCEC8}.Debug|Any CPU.ActiveCfg = Debug|Any CPU
		{7EEC1184-2791-4D25-9742-1051412FCEC8}.Debug|Any CPU.Build.0 = Debug|Any CPU
		{7EEC1184-2791-4D25-9742-1051412FCEC8}.Release|Any CPU.ActiveCfg = Release|Any CPU
		{7EEC1184-2791-4D25-9742-1051412FCEC8}.Release|Any CPU.Build.0 = Release|Any CPU
	EndGlobalSection
	GlobalSection(SolutionProperties) = preSolution
		HideSolutionNode = FALSE
	EndGlobalSection
	GlobalSection(ExtensibilityGlobals) = postSolution
		SolutionGuid = {3E401188-F977-4577-9F38-F7A0F8126474}
	EndGlobalSection
EndGlobal
